
Microsoft Visual Studio Solution File, Format Version 12.00
# Visual Studio Version 17
VisualStudioVersion = 17.3.32901.215
MinimumVisualStudioVersion = 10.0.40219.1
Project("{8BC9CEB8-8B4A-11D0-8D11-00A0C91BC942}") = "Serialization", "Lab_4_KPO\Lab_4_KPO.vcxproj", "{6836D0C1-5F75-4002-B3F7-F5C54FC4649D}"
EndProject
Project("{8BC9CEB8-8B4A-11D0-8D11-00A0C91BC942}") = "Deserialization", "Deserialization\Deserialization.vcxproj", "{452FEAB7-C926-48F3-980D-CE2630F03A56}"
EndProject
Project("{8BC9CEB8-8B4A-11D0-8D11-00A0C91BC942}") = "AssemblerCode", "AssemblerCode\AssemblerCode.vcxproj", "{E0D9D1A6-1F80-4600-BE3C-B6B1A13FBBB5}"
EndProject
Global
	GlobalSection(SolutionConfigurationPlatforms) = preSolution
		Debug|x64 = Debug|x64
		Debug|x86 = Debug|x86
		Release|x64 = Release|x64
		Release|x86 = Release|x86
	EndGlobalSection
	GlobalSection(ProjectConfigurationPlatforms) = postSolution
		{6836D0C1-5F75-4002-B3F7-F5C54FC4649D}.Debug|x64.ActiveCfg = Debug|x64
		{6836D0C1-5F75-4002-B3F7-F5C54FC4649D}.Debug|x64.Build.0 = Debug|x64
		{6836D0C1-5F75-4002-B3F7-F5C54FC4649D}.Debug|x86.ActiveCfg = Debug|Win32
		{6836D0C1-5F75-4002-B3F7-F5C54FC4649D}.Debug|x86.Build.0 = Debug|Win32
		{6836D0C1-5F75-4002-B3F7-F5C54FC4649D}.Release|x64.ActiveCfg = Release|x64
		{6836D0C1-5F75-4002-B3F7-F5C54FC4649D}.Release|x64.Build.0 = Release|x64
		{6836D0C1-5F75-4002-B3F7-F5C54FC4649D}.Release|x86.ActiveCfg = Release|Win32
		{6836D0C1-5F75-4002-B3F7-F5C54FC4649D}.Release|x86.Build.0 = Release|Win32
		{452FEAB7-C926-48F3-980D-CE2630F03A56}.Debug|x64.ActiveCfg = Debug|x64
		{452FEAB7-C926-48F3-980D-CE2630F03A56}.Debug|x64.Build.0 = Debug|x64
		{452FEAB7-C926-48F3-980D-CE2630F03A56}.Debug|x86.ActiveCfg = Debug|Win32
		{452FEAB7-C926-48F3-980D-CE2630F03A56}.Debug|x86.Build.0 = Debug|Win32
		{452FEAB7-C926-48F3-980D-CE2630F03A56}.Release|x64.ActiveCfg = Release|x64
		{452FEAB7-C926-48F3-980D-CE2630F03A56}.Release|x64.Build.0 = Release|x64
		{452FEAB7-C926-48F3-980D-CE2630F03A56}.Release|x86.ActiveCfg = Release|Win32
		{452FEAB7-C926-48F3-980D-CE2630F03A56}.Release|x86.Build.0 = Release|Win32
		{E0D9D1A6-1F80-4600-BE3C-B6B1A13FBBB5}.Debug|x64.ActiveCfg = Debug|x64
		{E0D9D1A6-1F80-4600-BE3C-B6B1A13FBBB5}.Debug|x64.Build.0 = Debug|x64
		{E0D9D1A6-1F80-4600-BE3C-B6B1A13FBBB5}.Debug|x86.ActiveCfg = Debug|Win32
		{E0D9D1A6-1F80-4600-BE3C-B6B1A13FBBB5}.Debug|x86.Build.0 = Debug|Win32
		{E0D9D1A6-1F80-4600-BE3C-B6B1A13FBBB5}.Release|x64.ActiveCfg = Release|x64
		{E0D9D1A6-1F80-4600-BE3C-B6B1A13FBBB5}.Release|x64.Build.0 = Release|x64
		{E0D9D1A6-1F80-4600-BE3C-B6B1A13FBBB5}.Release|x86.ActiveCfg = Release|Win32
		{E0D9D1A6-1F80-4600-BE3C-B6B1A13FBBB5}.Release|x86.Build.0 = Release|Win32
	EndGlobalSection
	GlobalSection(SolutionProperties) = preSolution
		HideSolutionNode = FALSE
	EndGlobalSection
	GlobalSection(ExtensibilityGlobals) = postSolution
		SolutionGuid = {6408D443-D69D-4142-8AEF-9BBA69197707}
	EndGlobalSection
EndGlobal
